
Microsoft Visual Studio Solution File, Format Version 12.00
# Visual Studio Version 17
VisualStudioVersion = 17.11.35327.3
MinimumVisualStudioVersion = 10.0.40219.1
Project("{FAE04EC0-301F-11D3-BF4B-00C04F79EFBC}") = "CSharpEgitimKampi301.EntityLayer", "CSharpEgitimKampi301.EntityLayer\CSharpEgitimKampi301.EntityLayer.csproj", "{F061DB7A-FCCD-439D-AD72-3E302E67E351}"
EndProject
Project("{FAE04EC0-301F-11D3-BF4B-00C04F79EFBC}") = "CSharpEgitimKampi301.DataAccessLayer", "CSharpEgitimKampi301.DataAccessLayer\CSharpEgitimKampi301.DataAccessLayer.csproj", "{448ACBE9-3EA6-4F07-857D-FE2E63486F97}"
EndProject
Project("{FAE04EC0-301F-11D3-BF4B-00C04F79EFBC}") = "CSharpEgitimKampi301.BusinessLayer", "CSharpEgitimKampi301.BusinessLayer\CSharpEgitimKampi301.BusinessLayer.csproj", "{E0EE8AF0-1E47-4322-B272-CECAD33C052A}"
EndProject
Project("{FAE04EC0-301F-11D3-BF4B-00C04F79EFBC}") = "CSharpEgitimKampi301.PresentationLayer", "CSharpEgitimKampi301.PresentationLayer\CSharpEgitimKampi301.PresentationLayer.csproj", "{B9D98C02-7DA4-4ACA-846F-00975CE725E0}"
EndProject
Global
	GlobalSection(SolutionConfigurationPlatforms) = preSolution
		Debug|Any CPU = Debug|Any CPU
		Release|Any CPU = Release|Any CPU
	EndGlobalSection
	GlobalSection(ProjectConfigurationPlatforms) = postSolution
		{F061DB7A-FCCD-439D-AD72-3E302E67E351}.Debug|Any CPU.ActiveCfg = Debug|Any CPU
		{F061DB7A-FCCD-439D-AD72-3E302E67E351}.Debug|Any CPU.Build.0 = Debug|Any CPU
		{F061DB7A-FCCD-439D-AD72-3E302E67E351}.Release|Any CPU.ActiveCfg = Release|Any CPU
		{F061DB7A-FCCD-439D-AD72-3E302E67E351}.Release|Any CPU.Build.0 = Release|Any CPU
		{448ACBE9-3EA6-4F07-857D-FE2E63486F97}.Debug|Any CPU.ActiveCfg = Debug|Any CPU
		{448ACBE9-3EA6-4F07-857D-FE2E63486F97}.Debug|Any CPU.Build.0 = Debug|Any CPU
		{448ACBE9-3EA6-4F07-857D-FE2E63486F97}.Release|Any CPU.ActiveCfg = Release|Any CPU
		{448ACBE9-3EA6-4F07-857D-FE2E63486F97}.Release|Any CPU.Build.0 = Release|Any CPU
		{E0EE8AF0-1E47-4322-B272-CECAD33C052A}.Debug|Any CPU.ActiveCfg = Debug|Any CPU
		{E0EE8AF0-1E47-4322-B272-CECAD33C052A}.Debug|Any CPU.Build.0 = Debug|Any CPU
		{E0EE8AF0-1E47-4322-B272-CECAD33C052A}.Release|Any CPU.ActiveCfg = Release|Any CPU
		{E0EE8AF0-1E47-4322-B272-CECAD33C052A}.Release|Any CPU.Build.0 = Release|Any CPU
		{B9D98C02-7DA4-4ACA-846F-00975CE725E0}.Debug|Any CPU.ActiveCfg = Debug|Any CPU
		{B9D98C02-7DA4-4ACA-846F-00975CE725E0}.Debug|Any CPU.Build.0 = Debug|Any CPU
		{B9D98C02-7DA4-4ACA-846F-00975CE725E0}.Release|Any CPU.ActiveCfg = Release|Any CPU
		{B9D98C02-7DA4-4ACA-846F-00975CE725E0}.Release|Any CPU.Build.0 = Release|Any CPU
	EndGlobalSection
	GlobalSection(SolutionProperties) = preSolution
		HideSolutionNode = FALSE
	EndGlobalSection
	GlobalSection(ExtensibilityGlobals) = postSolution
		SolutionGuid = {B1BC8792-C598-44DC-A8B1-C86997251720}
	EndGlobalSection
EndGlobal
